
Microsoft Visual Studio Solution File, Format Version 11.00
# Visual Studio 2010
Project("{FAE04EC0-301F-11D3-BF4B-00C04F79EFBC}") = "WindowsFormsApplication68", "WindowsFormsApplication68\WindowsFormsApplication68.csproj", "{8B3CD313-E8CE-4B1D-AFC7-D0C3F8F966B8}"
EndProject
Global
	GlobalSection(SolutionConfigurationPlatforms) = preSolution
		Debug|x86 = Debug|x86
		Release|x86 = Release|x86
	EndGlobalSection
	GlobalSection(ProjectConfigurationPlatforms) = postSolution
		{8B3CD313-E8CE-4B1D-AFC7-D0C3F8F966B8}.Debug|x86.ActiveCfg = Debug|x86
		{8B3CD313-E8CE-4B1D-AFC7-D0C3F8F966B8}.Debug|x86.Build.0 = Debug|x86
		{8B3CD313-E8CE-4B1D-AFC7-D0C3F8F966B8}.Release|x86.ActiveCfg = Release|x86
		{8B3CD313-E8CE-4B1D-AFC7-D0C3F8F966B8}.Release|x86.Build.0 = Release|x86
	EndGlobalSection
	GlobalSection(SolutionProperties) = preSolution
		HideSolutionNode = FALSE
	EndGlobalSection
EndGlobal
